
Microsoft Visual Studio Solution File, Format Version 12.00
# Visual Studio Version 17
VisualStudioVersion = 17.8.34511.84
MinimumVisualStudioVersion = 10.0.40219.1
Project("{FAE04EC0-301F-11D3-BF4B-00C04F79EFBC}") = "TaTeTi", "TaTeTi.csproj", "{561A81A8-5081-4468-86A7-B6440DFB17A4}"
EndProject
Global
	GlobalSection(SolutionConfigurationPlatforms) = preSolution
		Debug|Any CPU = Debug|Any CPU
		Release|Any CPU = Release|Any CPU
	EndGlobalSection
	GlobalSection(ProjectConfigurationPlatforms) = postSolution
		{561A81A8-5081-4468-86A7-B6440DFB17A4}.Debug|Any CPU.ActiveCfg = Debug|Any CPU
		{561A81A8-5081-4468-86A7-B6440DFB17A4}.Debug|Any CPU.Build.0 = Debug|Any CPU
		{561A81A8-5081-4468-86A7-B6440DFB17A4}.Release|Any CPU.ActiveCfg = Release|Any CPU
		{561A81A8-5081-4468-86A7-B6440DFB17A4}.Release|Any CPU.Build.0 = Release|Any CPU
	EndGlobalSection
	GlobalSection(SolutionProperties) = preSolution
		HideSolutionNode = FALSE
	EndGlobalSection
	GlobalSection(ExtensibilityGlobals) = postSolution
		SolutionGuid = {7B5BC8E9-04A8-4406-89C7-A3D5E2992BFF}
	EndGlobalSection
EndGlobal
