
Microsoft Visual Studio Solution File, Format Version 12.00
# Visual Studio Version 17
VisualStudioVersion = 17.8.34511.84
MinimumVisualStudioVersion = 10.0.40219.1
Project("{FAE04EC0-301F-11D3-BF4B-00C04F79EFBC}") = "Simon", "Simon.csproj", "{BF87794A-6AFA-46BB-A3AC-6DD5DDC23BA9}"
EndProject
Global
	GlobalSection(SolutionConfigurationPlatforms) = preSolution
		Debug|Any CPU = Debug|Any CPU
		Release|Any CPU = Release|Any CPU
	EndGlobalSection
	GlobalSection(ProjectConfigurationPlatforms) = postSolution
		{BF87794A-6AFA-46BB-A3AC-6DD5DDC23BA9}.Debug|Any CPU.ActiveCfg = Debug|Any CPU
		{BF87794A-6AFA-46BB-A3AC-6DD5DDC23BA9}.Debug|Any CPU.Build.0 = Debug|Any CPU
		{BF87794A-6AFA-46BB-A3AC-6DD5DDC23BA9}.Release|Any CPU.ActiveCfg = Release|Any CPU
		{BF87794A-6AFA-46BB-A3AC-6DD5DDC23BA9}.Release|Any CPU.Build.0 = Release|Any CPU
	EndGlobalSection
	GlobalSection(SolutionProperties) = preSolution
		HideSolutionNode = FALSE
	EndGlobalSection
	GlobalSection(ExtensibilityGlobals) = postSolution
		SolutionGuid = {B1AF7A43-DEFC-4BE3-AEF5-EB559B72992F}
	EndGlobalSection
EndGlobal
