
Microsoft Visual Studio Solution File, Format Version 12.00
# Visual Studio Version 17
VisualStudioVersion = 17.9.34728.123
MinimumVisualStudioVersion = 10.0.40219.1
Project("{FAE04EC0-301F-11D3-BF4B-00C04F79EFBC}") = "Dado", "ConsoleApp1\Dado.csproj", "{F5314EEA-66A8-4241-B4A9-20BAE46B5E93}"
EndProject
Global
	GlobalSection(SolutionConfigurationPlatforms) = preSolution
		Debug|Any CPU = Debug|Any CPU
		Release|Any CPU = Release|Any CPU
	EndGlobalSection
	GlobalSection(ProjectConfigurationPlatforms) = postSolution
		{F5314EEA-66A8-4241-B4A9-20BAE46B5E93}.Debug|Any CPU.ActiveCfg = Debug|Any CPU
		{F5314EEA-66A8-4241-B4A9-20BAE46B5E93}.Debug|Any CPU.Build.0 = Debug|Any CPU
		{F5314EEA-66A8-4241-B4A9-20BAE46B5E93}.Release|Any CPU.ActiveCfg = Release|Any CPU
		{F5314EEA-66A8-4241-B4A9-20BAE46B5E93}.Release|Any CPU.Build.0 = Release|Any CPU
	EndGlobalSection
	GlobalSection(SolutionProperties) = preSolution
		HideSolutionNode = FALSE
	EndGlobalSection
	GlobalSection(ExtensibilityGlobals) = postSolution
		SolutionGuid = {712EC440-B73A-41C5-B1FE-1BEB62A59002}
	EndGlobalSection
EndGlobal
