
Microsoft Visual Studio Solution File, Format Version 12.00
# Visual Studio Version 17
VisualStudioVersion = 17.9.34728.123
MinimumVisualStudioVersion = 10.0.40219.1
Project("{FAE04EC0-301F-11D3-BF4B-00C04F79EFBC}") = "Cifrado", "Cifrado\Cifrado.csproj", "{5031A48A-E2E0-4FF5-A01F-95C1962EFE8A}"
EndProject
Global
	GlobalSection(SolutionConfigurationPlatforms) = preSolution
		Debug|Any CPU = Debug|Any CPU
		Release|Any CPU = Release|Any CPU
	EndGlobalSection
	GlobalSection(ProjectConfigurationPlatforms) = postSolution
		{5031A48A-E2E0-4FF5-A01F-95C1962EFE8A}.Debug|Any CPU.ActiveCfg = Debug|Any CPU
		{5031A48A-E2E0-4FF5-A01F-95C1962EFE8A}.Debug|Any CPU.Build.0 = Debug|Any CPU
		{5031A48A-E2E0-4FF5-A01F-95C1962EFE8A}.Release|Any CPU.ActiveCfg = Release|Any CPU
		{5031A48A-E2E0-4FF5-A01F-95C1962EFE8A}.Release|Any CPU.Build.0 = Release|Any CPU
	EndGlobalSection
	GlobalSection(SolutionProperties) = preSolution
		HideSolutionNode = FALSE
	EndGlobalSection
	GlobalSection(ExtensibilityGlobals) = postSolution
		SolutionGuid = {885808B7-3B14-43CD-9E19-93EA42D91314}
	EndGlobalSection
EndGlobal
