
Microsoft Visual Studio Solution File, Format Version 12.00
# Visual Studio Version 17
VisualStudioVersion = 17.8.34511.84
MinimumVisualStudioVersion = 10.0.40219.1
Project("{FAE04EC0-301F-11D3-BF4B-00C04F79EFBC}") = "PeriodoDeTiempo", "PeriodoDeTiempo.csproj", "{DDDE2FBA-21B5-4329-9A86-74090158DF51}"
EndProject
Global
	GlobalSection(SolutionConfigurationPlatforms) = preSolution
		Debug|Any CPU = Debug|Any CPU
		Release|Any CPU = Release|Any CPU
	EndGlobalSection
	GlobalSection(ProjectConfigurationPlatforms) = postSolution
		{DDDE2FBA-21B5-4329-9A86-74090158DF51}.Debug|Any CPU.ActiveCfg = Debug|Any CPU
		{DDDE2FBA-21B5-4329-9A86-74090158DF51}.Debug|Any CPU.Build.0 = Debug|Any CPU
		{DDDE2FBA-21B5-4329-9A86-74090158DF51}.Release|Any CPU.ActiveCfg = Release|Any CPU
		{DDDE2FBA-21B5-4329-9A86-74090158DF51}.Release|Any CPU.Build.0 = Release|Any CPU
	EndGlobalSection
	GlobalSection(SolutionProperties) = preSolution
		HideSolutionNode = FALSE
	EndGlobalSection
	GlobalSection(ExtensibilityGlobals) = postSolution
		SolutionGuid = {14001052-C5DB-4EBB-9DC4-3FFB8E5A718F}
	EndGlobalSection
EndGlobal
